
Microsoft Visual Studio Solution File, Format Version 12.00
# Visual Studio Version 17
VisualStudioVersion = 17.7.34031.279
MinimumVisualStudioVersion = 10.0.40219.1
Project("{FAE04EC0-301F-11D3-BF4B-00C04F79EFBC}") = "CookingRecipes", "CookingRecipes.csproj", "{684E2C60-E4D6-4EC2-A780-D403BD143833}"
EndProject
Global
	GlobalSection(SolutionConfigurationPlatforms) = preSolution
		Debug|Any CPU = Debug|Any CPU
		Release|Any CPU = Release|Any CPU
	EndGlobalSection
	GlobalSection(ProjectConfigurationPlatforms) = postSolution
		{684E2C60-E4D6-4EC2-A780-D403BD143833}.Debug|Any CPU.ActiveCfg = Debug|Any CPU
		{684E2C60-E4D6-4EC2-A780-D403BD143833}.Debug|Any CPU.Build.0 = Debug|Any CPU
		{684E2C60-E4D6-4EC2-A780-D403BD143833}.Release|Any CPU.ActiveCfg = Release|Any CPU
		{684E2C60-E4D6-4EC2-A780-D403BD143833}.Release|Any CPU.Build.0 = Release|Any CPU
	EndGlobalSection
	GlobalSection(SolutionProperties) = preSolution
		HideSolutionNode = FALSE
	EndGlobalSection
	GlobalSection(ExtensibilityGlobals) = postSolution
		SolutionGuid = {B93B5B86-FFD0-424F-93DF-8D1A30B40E28}
	EndGlobalSection
EndGlobal
